<?xml version="1.0" encoding="utf-8"?>
<Project ToolsVersion="4.0" xmlns="http://schemas.microsoft.com/developer/msbuild/2003">
  <ItemGroup>
    <Filter Include="Header Files">
      <UniqueIdentifier>{77cfbf87-063d-493a-8293-a4c3c9104eca}</UniqueIdentifier>
      <Extensions>h;hpp;hxx;hm;inl;inc;xsd</Extensions>
    </Filter>
    <Filter Include="Source Files">
      <UniqueIdentifier>{86369cf0-00d2-4c6f-afa6-b07a4871b0f3}</UniqueIdentifier>
      <Extensions>cpp;c;cc;cxx;def;odl;idl;hpj;bat;asm;asmx</Extensions>
    </Filter>
    <Filter Include="Resource Files">
      <UniqueIdentifier>{e4cb3f15-c782-49cd-a37a-533a582b9dfb}</UniqueIdentifier>
      <Extensions>rc;ico;cur;bmp;dlg;rc2;rct;bin;rgs;gif;jpg;jpeg;jpe;resx;tiff;tif;png;wav</Extensions>
    </Filter>
    <Filter Include="Platform">
      <UniqueIdentifier>{a2a41cc9-9e5a-422e-a382-7cfbdf6ed144}</UniqueIdentifier>
    </Filter>
    <Filter Include="Platform\Windows">
      <UniqueIdentifier>{9f8be09e-69de-4129-9df2-eeacf4caceb3}</UniqueIdentifier>
    </Filter>
  </ItemGroup>
  <ItemGroup>
    <ClCompile Include="GPSHandler.c">
      <Filter>Source Files</Filter>
    </ClCompile>
    <ClCompile Include="..\..\Platform\Windows\pthread.c">
      <Filter>Platform\Windows</Filter>
    </ClCompile>
    <ClCompile Include="..\..\Platform\Windows\util_path.c">
      <Filter>Platform\Windows</Filter>
    </ClCompile>
    <ClCompile Include="..\..\Platform\Windows\util_string.c">
      <Filter>Platform\Windows</Filter>
    </ClCompile>
  </ItemGroup>
  <ItemGroup>
    <ClInclude Include="GPSHandler.h">
      <Filter>Header Files</Filter>
    </ClInclude>
    <ClInclude Include="resource.h">
      <Filter>Header Files</Filter>
    </ClInclude>
    <ClInclude Include="..\..\Platform\Windows\pthread.h">
      <Filter>Platform\Windows</Filter>
    </ClInclude>
    <ClInclude Include="..\..\Platform\Windows\stdint.h">
      <Filter>Platform\Windows</Filter>
    </ClInclude>
    <ClInclude Include="..\..\Platform\Windows\util_path.h">
      <Filter>Platform\Windows</Filter>
    </ClInclude>
    <ClInclude Include="..\..\Platform\Windows\util_string.h">
      <Filter>Platform\Windows</Filter>
    </ClInclude>
  </ItemGroup>
  <ItemGroup>
    <ResourceCompile Include="GPSHandler.rc">
      <Filter>Resource Files</Filter>
    </ResourceCompile>
  </ItemGroup>
  <ItemGroup>
    <None Include="exports.def">
      <Filter>Resource Files</Filter>
    </None>
    <None Include="GPSHandler.ini">
      <Filter>Resource Files</Filter>
    </None>
  </ItemGroup>
</Project>