
Microsoft Visual Studio Solution File, Format Version 12.00
# Visual Studio 15
VisualStudioVersion = 15.0.28010.2019
MinimumVisualStudioVersion = 10.0.40219.1
Project("{2150E333-8FDC-42A3-9474-1A3956D46DE8}") = "Tools", "Tools", "{579DAF80-6F8D-444E-8D88-73C1651575AE}"
EndProject
Project("{8BC9CEB8-8B4A-11D0-8D11-00A0C91BC942}") = "AdvJSON", "AdvJSON\AdvJSON.vcxproj", "{79807F33-330E-434F-83EF-E05F0C26AC41}"
EndProject
Project("{8BC9CEB8-8B4A-11D0-8D11-00A0C91BC942}") = "AdvPlatform", "AdvPlatform\AdvPlatform.vcxproj", "{F3ACA332-BCC8-4F0E-8C42-AFFFE8257764}"
EndProject
Project("{8BC9CEB8-8B4A-11D0-8D11-00A0C91BC942}") = "AdvLog", "AdvLog\AdvLog.vcxproj", "{F5CE7980-C85D-4B15-85DE-EAB2368A0529}"
EndProject
Project("{8BC9CEB8-8B4A-11D0-8D11-00A0C91BC942}") = "LogTest", "LogTest\LogTest.vcxproj", "{AFBF936D-0C46-4A97-96EC-22F61BAC671E}"
	ProjectSection(ProjectDependencies) = postProject
		{F3ACA332-BCC8-4F0E-8C42-AFFFE8257764} = {F3ACA332-BCC8-4F0E-8C42-AFFFE8257764}
		{79807F33-330E-434F-83EF-E05F0C26AC41} = {79807F33-330E-434F-83EF-E05F0C26AC41}
		{F5CE7980-C85D-4B15-85DE-EAB2368A0529} = {F5CE7980-C85D-4B15-85DE-EAB2368A0529}
	EndProjectSection
EndProject
Project("{8BC9CEB8-8B4A-11D0-8D11-00A0C91BC942}") = "LogConf", "LogConf\LogConf.vcxproj", "{2C647F6D-466D-4A20-A0B0-1445430DE80F}"
	ProjectSection(ProjectDependencies) = postProject
		{F3ACA332-BCC8-4F0E-8C42-AFFFE8257764} = {F3ACA332-BCC8-4F0E-8C42-AFFFE8257764}
		{79807F33-330E-434F-83EF-E05F0C26AC41} = {79807F33-330E-434F-83EF-E05F0C26AC41}
		{F5CE7980-C85D-4B15-85DE-EAB2368A0529} = {F5CE7980-C85D-4B15-85DE-EAB2368A0529}
	EndProjectSection
EndProject
Project("{8BC9CEB8-8B4A-11D0-8D11-00A0C91BC942}") = "JSONTest", "JSONTest\JSONTest.vcxproj", "{905ECD53-D833-41B9-AEEC-B12F88241EFD}"
EndProject
Project("{8BC9CEB8-8B4A-11D0-8D11-00A0C91BC942}") = "AdvCC", "AdvCC\AdvCC.vcxproj", "{8DECE659-18A6-474E-959C-D9896B51E32D}"
EndProject
Project("{8BC9CEB8-8B4A-11D0-8D11-00A0C91BC942}") = "JSONTest_C", "JSONTest_C\JSONTest_C.vcxproj", "{B9EFC5CF-C3B0-4816-AE26-5ECD0BEC6B0A}"
	ProjectSection(ProjectDependencies) = postProject
		{79807F33-330E-434F-83EF-E05F0C26AC41} = {79807F33-330E-434F-83EF-E05F0C26AC41}
	EndProjectSection
EndProject
Project("{8BC9CEB8-8B4A-11D0-8D11-00A0C91BC942}") = "AdvCompression", "AdvCompression\AdvCompression.vcxproj", "{326EF463-28EF-4B30-AE48-720291FA9F7F}"
EndProject
Global
	GlobalSection(SolutionConfigurationPlatforms) = preSolution
		Debug|Win32 = Debug|Win32
		Debug|x64 = Debug|x64
		Release|Win32 = Release|Win32
		Release|x64 = Release|x64
	EndGlobalSection
	GlobalSection(ProjectConfigurationPlatforms) = postSolution
		{79807F33-330E-434F-83EF-E05F0C26AC41}.Debug|Win32.ActiveCfg = Debug|Win32
		{79807F33-330E-434F-83EF-E05F0C26AC41}.Debug|Win32.Build.0 = Debug|Win32
		{79807F33-330E-434F-83EF-E05F0C26AC41}.Debug|x64.ActiveCfg = Debug|Win32
		{79807F33-330E-434F-83EF-E05F0C26AC41}.Release|Win32.ActiveCfg = Release|Win32
		{79807F33-330E-434F-83EF-E05F0C26AC41}.Release|Win32.Build.0 = Release|Win32
		{79807F33-330E-434F-83EF-E05F0C26AC41}.Release|x64.ActiveCfg = Release|Win32
		{F3ACA332-BCC8-4F0E-8C42-AFFFE8257764}.Debug|Win32.ActiveCfg = Debug|Win32
		{F3ACA332-BCC8-4F0E-8C42-AFFFE8257764}.Debug|Win32.Build.0 = Debug|Win32
		{F3ACA332-BCC8-4F0E-8C42-AFFFE8257764}.Debug|x64.ActiveCfg = Debug|Win32
		{F3ACA332-BCC8-4F0E-8C42-AFFFE8257764}.Release|Win32.ActiveCfg = Release|Win32
		{F3ACA332-BCC8-4F0E-8C42-AFFFE8257764}.Release|Win32.Build.0 = Release|Win32
		{F3ACA332-BCC8-4F0E-8C42-AFFFE8257764}.Release|x64.ActiveCfg = Release|Win32
		{F5CE7980-C85D-4B15-85DE-EAB2368A0529}.Debug|Win32.ActiveCfg = Debug|Win32
		{F5CE7980-C85D-4B15-85DE-EAB2368A0529}.Debug|Win32.Build.0 = Debug|Win32
		{F5CE7980-C85D-4B15-85DE-EAB2368A0529}.Debug|x64.ActiveCfg = Debug|Win32
		{F5CE7980-C85D-4B15-85DE-EAB2368A0529}.Release|Win32.ActiveCfg = Release|Win32
		{F5CE7980-C85D-4B15-85DE-EAB2368A0529}.Release|Win32.Build.0 = Release|Win32
		{F5CE7980-C85D-4B15-85DE-EAB2368A0529}.Release|x64.ActiveCfg = Release|Win32
		{AFBF936D-0C46-4A97-96EC-22F61BAC671E}.Debug|Win32.ActiveCfg = Debug|Win32
		{AFBF936D-0C46-4A97-96EC-22F61BAC671E}.Debug|Win32.Build.0 = Debug|Win32
		{AFBF936D-0C46-4A97-96EC-22F61BAC671E}.Debug|x64.ActiveCfg = Debug|x64
		{AFBF936D-0C46-4A97-96EC-22F61BAC671E}.Debug|x64.Build.0 = Debug|x64
		{AFBF936D-0C46-4A97-96EC-22F61BAC671E}.Release|Win32.ActiveCfg = Release|Win32
		{AFBF936D-0C46-4A97-96EC-22F61BAC671E}.Release|Win32.Build.0 = Release|Win32
		{AFBF936D-0C46-4A97-96EC-22F61BAC671E}.Release|x64.ActiveCfg = Release|x64
		{AFBF936D-0C46-4A97-96EC-22F61BAC671E}.Release|x64.Build.0 = Release|x64
		{2C647F6D-466D-4A20-A0B0-1445430DE80F}.Debug|Win32.ActiveCfg = Debug|Win32
		{2C647F6D-466D-4A20-A0B0-1445430DE80F}.Debug|Win32.Build.0 = Debug|Win32
		{2C647F6D-466D-4A20-A0B0-1445430DE80F}.Debug|x64.ActiveCfg = Debug|x64
		{2C647F6D-466D-4A20-A0B0-1445430DE80F}.Debug|x64.Build.0 = Debug|x64
		{2C647F6D-466D-4A20-A0B0-1445430DE80F}.Release|Win32.ActiveCfg = Release|Win32
		{2C647F6D-466D-4A20-A0B0-1445430DE80F}.Release|Win32.Build.0 = Release|Win32
		{2C647F6D-466D-4A20-A0B0-1445430DE80F}.Release|x64.ActiveCfg = Release|x64
		{2C647F6D-466D-4A20-A0B0-1445430DE80F}.Release|x64.Build.0 = Release|x64
		{905ECD53-D833-41B9-AEEC-B12F88241EFD}.Debug|Win32.ActiveCfg = Debug|Win32
		{905ECD53-D833-41B9-AEEC-B12F88241EFD}.Debug|Win32.Build.0 = Debug|Win32
		{905ECD53-D833-41B9-AEEC-B12F88241EFD}.Debug|x64.ActiveCfg = Debug|x64
		{905ECD53-D833-41B9-AEEC-B12F88241EFD}.Debug|x64.Build.0 = Debug|x64
		{905ECD53-D833-41B9-AEEC-B12F88241EFD}.Release|Win32.ActiveCfg = Release|Win32
		{905ECD53-D833-41B9-AEEC-B12F88241EFD}.Release|Win32.Build.0 = Release|Win32
		{905ECD53-D833-41B9-AEEC-B12F88241EFD}.Release|x64.ActiveCfg = Release|x64
		{905ECD53-D833-41B9-AEEC-B12F88241EFD}.Release|x64.Build.0 = Release|x64
		{8DECE659-18A6-474E-959C-D9896B51E32D}.Debug|Win32.ActiveCfg = Debug|Win32
		{8DECE659-18A6-474E-959C-D9896B51E32D}.Debug|Win32.Build.0 = Debug|Win32
		{8DECE659-18A6-474E-959C-D9896B51E32D}.Debug|x64.ActiveCfg = Debug|x64
		{8DECE659-18A6-474E-959C-D9896B51E32D}.Debug|x64.Build.0 = Debug|x64
		{8DECE659-18A6-474E-959C-D9896B51E32D}.Release|Win32.ActiveCfg = Release|Win32
		{8DECE659-18A6-474E-959C-D9896B51E32D}.Release|Win32.Build.0 = Release|Win32
		{8DECE659-18A6-474E-959C-D9896B51E32D}.Release|x64.ActiveCfg = Release|x64
		{8DECE659-18A6-474E-959C-D9896B51E32D}.Release|x64.Build.0 = Release|x64
		{B9EFC5CF-C3B0-4816-AE26-5ECD0BEC6B0A}.Debug|Win32.ActiveCfg = Debug|Win32
		{B9EFC5CF-C3B0-4816-AE26-5ECD0BEC6B0A}.Debug|Win32.Build.0 = Debug|Win32
		{B9EFC5CF-C3B0-4816-AE26-5ECD0BEC6B0A}.Debug|x64.ActiveCfg = Debug|x64
		{B9EFC5CF-C3B0-4816-AE26-5ECD0BEC6B0A}.Debug|x64.Build.0 = Debug|x64
		{B9EFC5CF-C3B0-4816-AE26-5ECD0BEC6B0A}.Release|Win32.ActiveCfg = Release|Win32
		{B9EFC5CF-C3B0-4816-AE26-5ECD0BEC6B0A}.Release|Win32.Build.0 = Release|Win32
		{B9EFC5CF-C3B0-4816-AE26-5ECD0BEC6B0A}.Release|x64.ActiveCfg = Release|x64
		{B9EFC5CF-C3B0-4816-AE26-5ECD0BEC6B0A}.Release|x64.Build.0 = Release|x64
		{326EF463-28EF-4B30-AE48-720291FA9F7F}.Debug|Win32.ActiveCfg = Debug|Win32
		{326EF463-28EF-4B30-AE48-720291FA9F7F}.Debug|Win32.Build.0 = Debug|Win32
		{326EF463-28EF-4B30-AE48-720291FA9F7F}.Debug|x64.ActiveCfg = Debug|x64
		{326EF463-28EF-4B30-AE48-720291FA9F7F}.Debug|x64.Build.0 = Debug|x64
		{326EF463-28EF-4B30-AE48-720291FA9F7F}.Release|Win32.ActiveCfg = Release|Win32
		{326EF463-28EF-4B30-AE48-720291FA9F7F}.Release|Win32.Build.0 = Release|Win32
		{326EF463-28EF-4B30-AE48-720291FA9F7F}.Release|x64.ActiveCfg = Release|x64
		{326EF463-28EF-4B30-AE48-720291FA9F7F}.Release|x64.Build.0 = Release|x64
	EndGlobalSection
	GlobalSection(SolutionProperties) = preSolution
		HideSolutionNode = FALSE
	EndGlobalSection
	GlobalSection(NestedProjects) = preSolution
		{79807F33-330E-434F-83EF-E05F0C26AC41} = {579DAF80-6F8D-444E-8D88-73C1651575AE}
		{F3ACA332-BCC8-4F0E-8C42-AFFFE8257764} = {579DAF80-6F8D-444E-8D88-73C1651575AE}
		{F5CE7980-C85D-4B15-85DE-EAB2368A0529} = {579DAF80-6F8D-444E-8D88-73C1651575AE}
		{AFBF936D-0C46-4A97-96EC-22F61BAC671E} = {579DAF80-6F8D-444E-8D88-73C1651575AE}
		{2C647F6D-466D-4A20-A0B0-1445430DE80F} = {579DAF80-6F8D-444E-8D88-73C1651575AE}
		{905ECD53-D833-41B9-AEEC-B12F88241EFD} = {579DAF80-6F8D-444E-8D88-73C1651575AE}
		{8DECE659-18A6-474E-959C-D9896B51E32D} = {579DAF80-6F8D-444E-8D88-73C1651575AE}
		{B9EFC5CF-C3B0-4816-AE26-5ECD0BEC6B0A} = {579DAF80-6F8D-444E-8D88-73C1651575AE}
		{326EF463-28EF-4B30-AE48-720291FA9F7F} = {579DAF80-6F8D-444E-8D88-73C1651575AE}
	EndGlobalSection
	GlobalSection(ExtensibilityGlobals) = postSolution
		SolutionGuid = {EC246F71-3A0F-4684-99FD-EEA19ADAAC14}
	EndGlobalSection
EndGlobal
